
Microsoft Visual Studio Solution File, Format Version 12.00
# Visual Studio Version 17
VisualStudioVersion = 17.8.34511.84
MinimumVisualStudioVersion = 10.0.40219.1
Project("{FAE04EC0-301F-11D3-BF4B-00C04F79EFBC}") = "Canthenos.Web", "Canthenos.Web\Canthenos.Web.csproj", "{BD540FF2-63C2-44BA-BE80-DB9486565983}"
EndProject
Project("{FAE04EC0-301F-11D3-BF4B-00C04F79EFBC}") = "Canthenos.DataAccessLibrary", "Canthenos.DataAccessLibrary\Canthenos.DataAccessLibrary.csproj", "{0EAFC0C3-AE31-41F2-8228-50AD710AE89B}"
EndProject
Project("{FAE04EC0-301F-11D3-BF4B-00C04F79EFBC}") = "Canthenos.Login", "Canthenos.Login\Canthenos.Login.csproj", "{359E6FD5-081C-4E02-8766-B6F9BA90A687}"
EndProject
Global
	GlobalSection(SolutionConfigurationPlatforms) = preSolution
		Debug|Any CPU = Debug|Any CPU
		Release|Any CPU = Release|Any CPU
	EndGlobalSection
	GlobalSection(ProjectConfigurationPlatforms) = postSolution
		{BD540FF2-63C2-44BA-BE80-DB9486565983}.Debug|Any CPU.ActiveCfg = Debug|Any CPU
		{BD540FF2-63C2-44BA-BE80-DB9486565983}.Debug|Any CPU.Build.0 = Debug|Any CPU
		{BD540FF2-63C2-44BA-BE80-DB9486565983}.Release|Any CPU.ActiveCfg = Release|Any CPU
		{BD540FF2-63C2-44BA-BE80-DB9486565983}.Release|Any CPU.Build.0 = Release|Any CPU
		{0EAFC0C3-AE31-41F2-8228-50AD710AE89B}.Debug|Any CPU.ActiveCfg = Debug|Any CPU
		{0EAFC0C3-AE31-41F2-8228-50AD710AE89B}.Debug|Any CPU.Build.0 = Debug|Any CPU
		{0EAFC0C3-AE31-41F2-8228-50AD710AE89B}.Release|Any CPU.ActiveCfg = Release|Any CPU
		{0EAFC0C3-AE31-41F2-8228-50AD710AE89B}.Release|Any CPU.Build.0 = Release|Any CPU
		{359E6FD5-081C-4E02-8766-B6F9BA90A687}.Debug|Any CPU.ActiveCfg = Debug|Any CPU
		{359E6FD5-081C-4E02-8766-B6F9BA90A687}.Debug|Any CPU.Build.0 = Debug|Any CPU
		{359E6FD5-081C-4E02-8766-B6F9BA90A687}.Release|Any CPU.ActiveCfg = Release|Any CPU
		{359E6FD5-081C-4E02-8766-B6F9BA90A687}.Release|Any CPU.Build.0 = Release|Any CPU
	EndGlobalSection
	GlobalSection(SolutionProperties) = preSolution
		HideSolutionNode = FALSE
	EndGlobalSection
EndGlobal
